
Microsoft Visual Studio Solution File, Format Version 12.00
# Visual Studio Version 17
VisualStudioVersion = 17.8.34330.188
MinimumVisualStudioVersion = 10.0.40219.1
Project("{FAE04EC0-301F-11D3-BF4B-00C04F79EFBC}") = "Analytics", "Analytics.csproj", "{5ECB0BF6-F141-4E17-A1FC-673605127754}"
EndProject
Global
	GlobalSection(SolutionConfigurationPlatforms) = preSolution
		Debug|Any CPU = Debug|Any CPU
		Release|Any CPU = Release|Any CPU
	EndGlobalSection
	GlobalSection(ProjectConfigurationPlatforms) = postSolution
		{5ECB0BF6-F141-4E17-A1FC-673605127754}.Debug|Any CPU.ActiveCfg = Debug|Any CPU
		{5ECB0BF6-F141-4E17-A1FC-673605127754}.Debug|Any CPU.Build.0 = Debug|Any CPU
		{5ECB0BF6-F141-4E17-A1FC-673605127754}.Release|Any CPU.ActiveCfg = Release|Any CPU
		{5ECB0BF6-F141-4E17-A1FC-673605127754}.Release|Any CPU.Build.0 = Release|Any CPU
	EndGlobalSection
	GlobalSection(SolutionProperties) = preSolution
		HideSolutionNode = FALSE
	EndGlobalSection
	GlobalSection(ExtensibilityGlobals) = postSolution
		SolutionGuid = {C9BF6A1F-BB25-4636-B370-13E9D3E006AF}
	EndGlobalSection
EndGlobal
